
Microsoft Visual Studio Solution File, Format Version 12.00
# Visual Studio Version 17
VisualStudioVersion = 17.14.36221.1 d17.14
MinimumVisualStudioVersion = 10.0.40219.1
Project("{FAE04EC0-301F-11D3-BF4B-00C04F79EFBC}") = "Space_invaders", "Space_invaders\Space_invaders.csproj", "{597D6480-FBE6-4B32-BAB7-00D65A741616}"
EndProject
Global
	GlobalSection(SolutionConfigurationPlatforms) = preSolution
		Debug|Any CPU = Debug|Any CPU
		Release|Any CPU = Release|Any CPU
	EndGlobalSection
	GlobalSection(ProjectConfigurationPlatforms) = postSolution
		{597D6480-FBE6-4B32-BAB7-00D65A741616}.Debug|Any CPU.ActiveCfg = Debug|Any CPU
		{597D6480-FBE6-4B32-BAB7-00D65A741616}.Debug|Any CPU.Build.0 = Debug|Any CPU
		{597D6480-FBE6-4B32-BAB7-00D65A741616}.Release|Any CPU.ActiveCfg = Release|Any CPU
		{597D6480-FBE6-4B32-BAB7-00D65A741616}.Release|Any CPU.Build.0 = Release|Any CPU
	EndGlobalSection
	GlobalSection(SolutionProperties) = preSolution
		HideSolutionNode = FALSE
	EndGlobalSection
	GlobalSection(ExtensibilityGlobals) = postSolution
		SolutionGuid = {8DC65375-25E4-4B2D-A957-6665ED814114}
	EndGlobalSection
EndGlobal
